{
  "nodes": {
    "nixpkgs": {
      "locked": {
        "lastModified": 1723056833,
        "narHash": "sha256-zlt3brJjTTe7qlytWJgyesfDxfkoj/hQioLkpMmBsIg=",
        "owner": "NickCao",
        "repo": "nixpkgs",
        "rev": "1663f1a463464efb1dbc7aa4a9cf8547b912495f",
        "type": "github"
      },
      "original": {
        "owner": "NickCao",
        "ref": "riscv",
        "repo": "nixpkgs",
        "type": "github"
      }
    },
    "nixpkgs-native": {
      "locked": {
        "lastModified": 1715180653,
        "narHash": "sha256-raCPvZTRifyrC3TO7Rx2pwhg/h7uYpYY0iyvXtWUtP0=",
        "owner": "NickCao",
        "repo": "nixpkgs",
        "rev": "68f9ddcd7317ae15e537312cc470aa5ed464992e",
        "type": "github"
      },
      "original": {
        "owner": "NickCao",
        "ref": "riscv",
        "repo": "nixpkgs",
        "type": "github"
      }
    },
    "root": {
      "inputs": {
        "nixpkgs": "nixpkgs",
        "nixpkgs-native": "nixpkgs-native"
      }
    }
  },
  "root": "root",
  "version": 7
}
