{
  "nodes": {
    "nixpkgs": {
      "locked": {
        "lastModified": 1726188364,
        "narHash": "sha256-5xwe0L/sOIzTVaHKDiOOXfEAMRSERLTgBQ/XMMYi/Sw=",
        "owner": "NickCao",
        "repo": "nixpkgs",
        "rev": "b4f722433bd220d297a9e21393c6108a09a59bb0",
        "type": "github"
      },
      "original": {
        "owner": "NickCao",
        "ref": "riscv",
        "repo": "nixpkgs",
        "type": "github"
      }
    },
    "nixpkgs-native": {
      "locked": {
        "lastModified": 1726188364,
        "narHash": "sha256-5xwe0L/sOIzTVaHKDiOOXfEAMRSERLTgBQ/XMMYi/Sw=",
        "owner": "NickCao",
        "repo": "nixpkgs",
        "rev": "b4f722433bd220d297a9e21393c6108a09a59bb0",
        "type": "github"
      },
      "original": {
        "owner": "NickCao",
        "ref": "riscv",
        "repo": "nixpkgs",
        "type": "github"
      }
    },
    "root": {
      "inputs": {
        "nixpkgs": "nixpkgs",
        "nixpkgs-native": "nixpkgs-native"
      }
    }
  },
  "root": "root",
  "version": 7
}
