{
  "nodes": {
    "nixpkgs": {
      "locked": {
        "lastModified": 1726014849,
        "narHash": "sha256-f9fMFYXYVL8nBc3B3ra0wDqNrrBn3DboOg7GR0F84C4=",
        "owner": "NickCao",
        "repo": "nixpkgs",
        "rev": "782ad842fab9e80b932986c4800dce2668629d2e",
        "type": "github"
      },
      "original": {
        "owner": "NickCao",
        "ref": "riscv",
        "repo": "nixpkgs",
        "type": "github"
      }
    },
    "nixpkgs-native": {
      "locked": {
        "lastModified": 1725128644,
        "narHash": "sha256-LjdQ9AZqCTxuXn0d6EVCNr8Axc6InSJiqzgEQ6/HkjI=",
        "owner": "NickCao",
        "repo": "nixpkgs",
        "rev": "4698ef56ba2ef0d89d54f2d0c6024e5cb2b5dc9f",
        "type": "github"
      },
      "original": {
        "owner": "NickCao",
        "ref": "riscv",
        "repo": "nixpkgs",
        "type": "github"
      }
    },
    "root": {
      "inputs": {
        "nixpkgs": "nixpkgs",
        "nixpkgs-native": "nixpkgs-native"
      }
    }
  },
  "root": "root",
  "version": 7
}
